
Microsoft Visual Studio Solution File, Format Version 12.00
# Visual Studio Version 16
VisualStudioVersion = 16.0.35826.135
MinimumVisualStudioVersion = 10.0.40219.1
Project("{FAE04EC0-301F-11D3-BF4B-00C04F79EFBC}") = "Listas_20250605", "Listas_20250605.csproj", "{078FE287-D193-4A1B-95DE-900489BE3C62}"
EndProject
Global
	GlobalSection(SolutionConfigurationPlatforms) = preSolution
		Debug|Any CPU = Debug|Any CPU
		Release|Any CPU = Release|Any CPU
	EndGlobalSection
	GlobalSection(ProjectConfigurationPlatforms) = postSolution
		{078FE287-D193-4A1B-95DE-900489BE3C62}.Debug|Any CPU.ActiveCfg = Debug|Any CPU
		{078FE287-D193-4A1B-95DE-900489BE3C62}.Debug|Any CPU.Build.0 = Debug|Any CPU
		{078FE287-D193-4A1B-95DE-900489BE3C62}.Release|Any CPU.ActiveCfg = Release|Any CPU
		{078FE287-D193-4A1B-95DE-900489BE3C62}.Release|Any CPU.Build.0 = Release|Any CPU
	EndGlobalSection
	GlobalSection(SolutionProperties) = preSolution
		HideSolutionNode = FALSE
	EndGlobalSection
	GlobalSection(ExtensibilityGlobals) = postSolution
		SolutionGuid = {9EEA547F-95DC-4A6A-895C-8F8E7E9E41AA}
	EndGlobalSection
EndGlobal
