
Microsoft Visual Studio Solution File, Format Version 12.00
# Visual Studio Version 16
VisualStudioVersion = 16.0.35826.135
MinimumVisualStudioVersion = 10.0.40219.1
Project("{FAE04EC0-301F-11D3-BF4B-00C04F79EFBC}") = "Tarea2_20250509", "Tarea2_20250509.csproj", "{99FE0E1F-4C82-4B40-9195-2B539C3F006F}"
EndProject
Global
	GlobalSection(SolutionConfigurationPlatforms) = preSolution
		Debug|Any CPU = Debug|Any CPU
		Release|Any CPU = Release|Any CPU
	EndGlobalSection
	GlobalSection(ProjectConfigurationPlatforms) = postSolution
		{99FE0E1F-4C82-4B40-9195-2B539C3F006F}.Debug|Any CPU.ActiveCfg = Debug|Any CPU
		{99FE0E1F-4C82-4B40-9195-2B539C3F006F}.Debug|Any CPU.Build.0 = Debug|Any CPU
		{99FE0E1F-4C82-4B40-9195-2B539C3F006F}.Release|Any CPU.ActiveCfg = Release|Any CPU
		{99FE0E1F-4C82-4B40-9195-2B539C3F006F}.Release|Any CPU.Build.0 = Release|Any CPU
	EndGlobalSection
	GlobalSection(SolutionProperties) = preSolution
		HideSolutionNode = FALSE
	EndGlobalSection
	GlobalSection(ExtensibilityGlobals) = postSolution
		SolutionGuid = {B05C9956-1D68-40F0-82DE-251CB831C13A}
	EndGlobalSection
EndGlobal
