
Microsoft Visual Studio Solution File, Format Version 12.00
# Visual Studio Version 16
VisualStudioVersion = 16.0.35826.135
MinimumVisualStudioVersion = 10.0.40219.1
Project("{FAE04EC0-301F-11D3-BF4B-00C04F79EFBC}") = "TP1_Ejercicio_1", "TP1_Ejercicio_1.csproj", "{7FA67311-4B75-4755-87A9-156E2FD49676}"
EndProject
Global
	GlobalSection(SolutionConfigurationPlatforms) = preSolution
		Debug|Any CPU = Debug|Any CPU
		Release|Any CPU = Release|Any CPU
	EndGlobalSection
	GlobalSection(ProjectConfigurationPlatforms) = postSolution
		{7FA67311-4B75-4755-87A9-156E2FD49676}.Debug|Any CPU.ActiveCfg = Debug|Any CPU
		{7FA67311-4B75-4755-87A9-156E2FD49676}.Debug|Any CPU.Build.0 = Debug|Any CPU
		{7FA67311-4B75-4755-87A9-156E2FD49676}.Release|Any CPU.ActiveCfg = Release|Any CPU
		{7FA67311-4B75-4755-87A9-156E2FD49676}.Release|Any CPU.Build.0 = Release|Any CPU
	EndGlobalSection
	GlobalSection(SolutionProperties) = preSolution
		HideSolutionNode = FALSE
	EndGlobalSection
	GlobalSection(ExtensibilityGlobals) = postSolution
		SolutionGuid = {E5C02BF6-D334-427A-8C3C-8B8202A1A7B8}
	EndGlobalSection
EndGlobal
