
Microsoft Visual Studio Solution File, Format Version 12.00
# Visual Studio Version 16
VisualStudioVersion = 16.0.35826.135
MinimumVisualStudioVersion = 10.0.40219.1
Project("{FAE04EC0-301F-11D3-BF4B-00C04F79EFBC}") = "Tarea1_20250515", "Tarea1_20250515.csproj", "{6BDD33B2-BBE0-4AD5-A23B-987EA63FDA95}"
EndProject
Global
	GlobalSection(SolutionConfigurationPlatforms) = preSolution
		Debug|Any CPU = Debug|Any CPU
		Release|Any CPU = Release|Any CPU
	EndGlobalSection
	GlobalSection(ProjectConfigurationPlatforms) = postSolution
		{6BDD33B2-BBE0-4AD5-A23B-987EA63FDA95}.Debug|Any CPU.ActiveCfg = Debug|Any CPU
		{6BDD33B2-BBE0-4AD5-A23B-987EA63FDA95}.Debug|Any CPU.Build.0 = Debug|Any CPU
		{6BDD33B2-BBE0-4AD5-A23B-987EA63FDA95}.Release|Any CPU.ActiveCfg = Release|Any CPU
		{6BDD33B2-BBE0-4AD5-A23B-987EA63FDA95}.Release|Any CPU.Build.0 = Release|Any CPU
	EndGlobalSection
	GlobalSection(SolutionProperties) = preSolution
		HideSolutionNode = FALSE
	EndGlobalSection
	GlobalSection(ExtensibilityGlobals) = postSolution
		SolutionGuid = {3131F115-48B7-41DC-BCBF-8CC34AD7B3B3}
	EndGlobalSection
EndGlobal
