
Microsoft Visual Studio Solution File, Format Version 12.00
# Visual Studio Version 16
VisualStudioVersion = 16.0.35826.135
MinimumVisualStudioVersion = 10.0.40219.1
Project("{FAE04EC0-301F-11D3-BF4B-00C04F79EFBC}") = "Tarea1_20250522", "Tarea1_20250522.csproj", "{063013E6-ABC7-4359-82BF-600B61628E87}"
EndProject
Global
	GlobalSection(SolutionConfigurationPlatforms) = preSolution
		Debug|Any CPU = Debug|Any CPU
		Release|Any CPU = Release|Any CPU
	EndGlobalSection
	GlobalSection(ProjectConfigurationPlatforms) = postSolution
		{063013E6-ABC7-4359-82BF-600B61628E87}.Debug|Any CPU.ActiveCfg = Debug|Any CPU
		{063013E6-ABC7-4359-82BF-600B61628E87}.Debug|Any CPU.Build.0 = Debug|Any CPU
		{063013E6-ABC7-4359-82BF-600B61628E87}.Release|Any CPU.ActiveCfg = Release|Any CPU
		{063013E6-ABC7-4359-82BF-600B61628E87}.Release|Any CPU.Build.0 = Release|Any CPU
	EndGlobalSection
	GlobalSection(SolutionProperties) = preSolution
		HideSolutionNode = FALSE
	EndGlobalSection
	GlobalSection(ExtensibilityGlobals) = postSolution
		SolutionGuid = {76B097CF-7D2C-4EA2-8C31-60D3AD013782}
	EndGlobalSection
EndGlobal
