
Microsoft Visual Studio Solution File, Format Version 12.00
# Visual Studio Version 16
VisualStudioVersion = 16.0.35826.135
MinimumVisualStudioVersion = 10.0.40219.1
Project("{FAE04EC0-301F-11D3-BF4B-00C04F79EFBC}") = "Tarea1_20250508", "Tarea1_20250508.csproj", "{D7068AAF-BE4E-490E-A099-D314E4ABBEFE}"
EndProject
Global
	GlobalSection(SolutionConfigurationPlatforms) = preSolution
		Debug|Any CPU = Debug|Any CPU
		Release|Any CPU = Release|Any CPU
	EndGlobalSection
	GlobalSection(ProjectConfigurationPlatforms) = postSolution
		{D7068AAF-BE4E-490E-A099-D314E4ABBEFE}.Debug|Any CPU.ActiveCfg = Debug|Any CPU
		{D7068AAF-BE4E-490E-A099-D314E4ABBEFE}.Debug|Any CPU.Build.0 = Debug|Any CPU
		{D7068AAF-BE4E-490E-A099-D314E4ABBEFE}.Release|Any CPU.ActiveCfg = Release|Any CPU
		{D7068AAF-BE4E-490E-A099-D314E4ABBEFE}.Release|Any CPU.Build.0 = Release|Any CPU
	EndGlobalSection
	GlobalSection(SolutionProperties) = preSolution
		HideSolutionNode = FALSE
	EndGlobalSection
	GlobalSection(ExtensibilityGlobals) = postSolution
		SolutionGuid = {C8E21E0D-FE97-458E-B6ED-8CE1AE24F8E1}
	EndGlobalSection
EndGlobal
